
Microsoft Visual Studio Solution File, Format Version 12.00
# Visual Studio Version 17
VisualStudioVersion = 17.2.32516.85
MinimumVisualStudioVersion = 10.0.40219.1
Project("{FAE04EC0-301F-11D3-BF4B-00C04F79EFBC}") = "Hours_worked_calculator", "Hours_worked_calculator\Hours_worked_calculator.csproj", "{70E67803-4292-4827-BBC2-E3CFB19AD0B0}"
EndProject
Global
	GlobalSection(SolutionConfigurationPlatforms) = preSolution
		Debug|Any CPU = Debug|Any CPU
		Release|Any CPU = Release|Any CPU
	EndGlobalSection
	GlobalSection(ProjectConfigurationPlatforms) = postSolution
		{70E67803-4292-4827-BBC2-E3CFB19AD0B0}.Debug|Any CPU.ActiveCfg = Debug|Any CPU
		{70E67803-4292-4827-BBC2-E3CFB19AD0B0}.Debug|Any CPU.Build.0 = Debug|Any CPU
		{70E67803-4292-4827-BBC2-E3CFB19AD0B0}.Release|Any CPU.ActiveCfg = Release|Any CPU
		{70E67803-4292-4827-BBC2-E3CFB19AD0B0}.Release|Any CPU.Build.0 = Release|Any CPU
	EndGlobalSection
	GlobalSection(SolutionProperties) = preSolution
		HideSolutionNode = FALSE
	EndGlobalSection
	GlobalSection(ExtensibilityGlobals) = postSolution
		SolutionGuid = {789517A1-5900-4E1E-A784-539CC6C4722B}
	EndGlobalSection
EndGlobal
